
Microsoft Visual Studio Solution File, Format Version 12.00
# Visual Studio Version 16
VisualStudioVersion = 16.0.30104.148
MinimumVisualStudioVersion = 10.0.40219.1
Project("{FAE04EC0-301F-11D3-BF4B-00C04F79EFBC}") = "Xamarin.AppleSignIn", "Xamarin.AppleSignIn\Xamarin.AppleSignIn.csproj", "{520F6118-9DB5-4229-B24C-5BAB6942B19F}"
EndProject
Global
	GlobalSection(SolutionConfigurationPlatforms) = preSolution
		Debug|Any CPU = Debug|Any CPU
		Release|Any CPU = Release|Any CPU
	EndGlobalSection
	GlobalSection(ProjectConfigurationPlatforms) = postSolution
		{520F6118-9DB5-4229-B24C-5BAB6942B19F}.Debug|Any CPU.ActiveCfg = Debug|Any CPU
		{520F6118-9DB5-4229-B24C-5BAB6942B19F}.Debug|Any CPU.Build.0 = Debug|Any CPU
		{520F6118-9DB5-4229-B24C-5BAB6942B19F}.Release|Any CPU.ActiveCfg = Release|Any CPU
		{520F6118-9DB5-4229-B24C-5BAB6942B19F}.Release|Any CPU.Build.0 = Release|Any CPU
	EndGlobalSection
	GlobalSection(SolutionProperties) = preSolution
		HideSolutionNode = FALSE
	EndGlobalSection
	GlobalSection(ExtensibilityGlobals) = postSolution
		SolutionGuid = {73AA328B-7CE0-4C29-ABCA-2BF00874D56C}
	EndGlobalSection
EndGlobal
